# This file is automatically @generated by Cargo.
# It is not intended for manual editing.
version = 4

[[package]]
name = "anyhow"
version = "1.0.104"
source = "registry+https://github.com/rust-lang/crates.io-index"
checksum = "330a5ed07fa54e4702c9d6c4174f74427fc0ef6e214bbd677ae50a5099946470"

[[package]]
name = "block-buffer"
version = "0.12.1"
source = "registry+https://github.com/rust-lang/crates.io-index"
checksum = "d2f6c7dbe95a6ed67ad9f18e57daf93a2f034c524b99fd2b76d18fdfeb6660aa"
dependencies = [
 "hybrid-array",
]

[[package]]
name = "cfg-if"
version = "1.0.4"
source = "registry+https://github.com/rust-lang/crates.io-index"
checksum = "9330f8b2ff13f34540b44e946ef35111825727b38d33286ef986142615121801"

[[package]]
name = "const-oid"
version = "0.10.2"
source = "registry+https://github.com/rust-lang/crates.io-index"
checksum = "a6ef517f0926dd24a1582492c791b6a4818a4d94e789a334894aa15b0d12f55c"

[[package]]
name = "cpufeatures"
version = "0.3.1"
source = "registry+https://github.com/rust-lang/crates.io-index"
checksum = "5ca28b0ae3115b884660db4118d803791fd6756b6e88f39c0f3f7859060d7566"
dependencies = [
 "libc",
]

[[package]]
name = "crypto-common"
version = "0.2.2"
source = "registry+https://github.com/rust-lang/crates.io-index"
checksum = "ce6e4c961d6cd6c9a86db418387425e8bdeaf05b3c8bc1411e6dca4c252f1453"
dependencies = [
 "hybrid-array",
]

[[package]]
name = "digest"
version = "0.11.3"
source = "registry+https://github.com/rust-lang/crates.io-index"
checksum = "f1dd6dbb5841937940781866fa1281a1ff7bd3bf827091440879f9994983d5c2"
dependencies = [
 "block-buffer",
 "const-oid",
 "crypto-common",
]

[[package]]
name = "equivalent"
version = "1.0.2"
source = "registry+https://github.com/rust-lang/crates.io-index"
checksum = "877a4ace8713b0bcf2a4e7eec82529c029f1d0619886d18145fea96c3ffe5c0f"

[[package]]
name = "fig"
version = "3.3.0"
source = "registry+https://github.com/rust-lang/crates.io-index"
checksum = "7149121e2a75ad585eeed336189dc17edc038255ef0ff67bf91cfab547ec0c29"
dependencies = [
 "fig-macros",
 "fig-sys",
 "indexmap",
 "serde",
]

[[package]]
name = "fig-macros"
version = "3.3.0"
source = "registry+https://github.com/rust-lang/crates.io-index"
checksum = "dd17cfa4113863acb9d413e6f8210e25c32f0614f12170e5e791aa235043ba4a"
dependencies = [
 "proc-macro2",
 "quote",
 "syn 2.0.119",
]

[[package]]
name = "fig-schema"
version = "0.2.1"
source = "registry+https://github.com/rust-lang/crates.io-index"
checksum = "78f0e7f63369c079eede596ec076934ee2b1605bc6dfe3457bf590fe33894abd"
dependencies = [
 "fig",
]

[[package]]
name = "fig-sys"
version = "3.3.0"
source = "registry+https://github.com/rust-lang/crates.io-index"
checksum = "d97cc96c6ee84beb4416dada4c8b05ad91c7d6e468994e419f48490296d9f9ae"
dependencies = [
 "fig-sys-linux-arm64-gnu",
 "fig-sys-linux-x64-gnu",
 "fig-sys-macos-arm64",
 "fig-sys-wasm32",
 "fig-sys-windows-x64-msvc",
]

[[package]]
name = "fig-sys-linux-arm64-gnu"
version = "3.3.0"
source = "registry+https://github.com/rust-lang/crates.io-index"
checksum = "b7b8c6ea291a4519218ab488d0d8c5491760b2129d4a7da4754669a0b5a91b4a"

[[package]]
name = "fig-sys-linux-x64-gnu"
version = "3.3.0"
source = "registry+https://github.com/rust-lang/crates.io-index"
checksum = "8cafcfac1cf93335b95f3b2e3125666ef46cb57d669e9031c313554845b5845e"

[[package]]
name = "fig-sys-macos-arm64"
version = "3.3.0"
source = "registry+https://github.com/rust-lang/crates.io-index"
checksum = "84b95840b307f17344cd0495497b289b6907b2a1b00e24dc453deb7f6aa0aada"

[[package]]
name = "fig-sys-wasm32"
version = "3.3.0"
source = "registry+https://github.com/rust-lang/crates.io-index"
checksum = "f378233d546954b2052e7557f7aff9d2169fe03c305c80c18d5834242d8e369c"

[[package]]
name = "fig-sys-windows-x64-msvc"
version = "3.3.0"
source = "registry+https://github.com/rust-lang/crates.io-index"
checksum = "cd964c54d7263cd704dbb347defef20c14dc6ca3bff9190aed9993c54ea9624b"

[[package]]
name = "flower-core"
version = "0.3.2"
source = "registry+https://github.com/rust-lang/crates.io-index"
checksum = "802fd101519e6f7a08ae3ac742f89a1634280f7c252177d3af2f41f60e334ed9"
dependencies = [
 "anyhow",
 "fig",
 "fig-schema",
]

[[package]]
name = "fs-transaction"
version = "0.2.1"
source = "registry+https://github.com/rust-lang/crates.io-index"
checksum = "9c5f24beb16fadfb4a4f47a9b1938bed0ddaed9ecfb4b834b8eeaf39fec85916"

[[package]]
name = "hashbrown"
version = "0.17.1"
source = "registry+https://github.com/rust-lang/crates.io-index"
checksum = "ed5909b6e89a2db4456e54cd5f673791d7eca6732202bbf2a9cc504fe2f9b84a"

[[package]]
name = "hybrid-array"
version = "0.4.14"
source = "registry+https://github.com/rust-lang/crates.io-index"
checksum = "707114b52a152fa7bdb290cd7cd5912d9467273b6d74e21b8d81aca1f8533f6b"
dependencies = [
 "typenum",
]

[[package]]
name = "indexmap"
version = "2.14.1"
source = "registry+https://github.com/rust-lang/crates.io-index"
checksum = "07aa2048142242915a31d35844fb311e0e53fcca590c3a0a40dcf1b841fa09eb"
dependencies = [
 "equivalent",
 "hashbrown",
 "serde",
 "serde_core",
]

[[package]]
name = "leaf-core"
version = "0.1.4"
source = "registry+https://github.com/rust-lang/crates.io-index"
checksum = "de380ef392ece9e53f07d07ab6be8660fab88c976b117a1bcb7fe72f42964f65"
dependencies = [
 "anyhow",
 "twig-doc",
 "unicode-segmentation",
 "unicode-width",
]

[[package]]
name = "libc"
version = "0.2.189"
source = "registry+https://github.com/rust-lang/crates.io-index"
checksum = "3eaf3ede3fee6db1a4c2ee091bf8a8b4dccdc6d17f656fb07896ee72867612f2"

[[package]]
name = "moid"
version = "1.0.0"
source = "registry+https://github.com/rust-lang/crates.io-index"
checksum = "8eaa3adc7a8ec181caaa788dc25bbbe04fab91bf983a1c6089e4b15abd413029"

[[package]]
name = "proc-macro2"
version = "1.0.107"
source = "registry+https://github.com/rust-lang/crates.io-index"
checksum = "985e7ec9bb745e6ce6535b544d84d6cd6f7ad8bd711c398938ae983b91a766d9"
dependencies = [
 "unicode-ident",
]

[[package]]
name = "prov"
version = "0.10.0"
source = "registry+https://github.com/rust-lang/crates.io-index"
checksum = "cae6743ee3dc315e905252c6be9e37993631a105c4b0979a3a2a780dabd05b80"
dependencies = [
 "fig",
 "fig-schema",
 "fs-transaction",
 "indexmap",
 "prov-config",
 "prov-exports",
 "prov-graph",
 "prov-store",
 "prov-views",
 "thiserror",
 "twig-doc",
]

[[package]]
name = "prov-config"
version = "0.10.0"
source = "registry+https://github.com/rust-lang/crates.io-index"
checksum = "b868c1086f8aa82a86c27fff942223ed2da2c8919730280f1d06a26bd494087e"
dependencies = [
 "fig",
 "fig-schema",
 "indexmap",
 "prov-exports",
 "prov-graph",
 "prov-views",
 "thiserror",
]

[[package]]
name = "prov-exports"
version = "0.10.0"
source = "registry+https://github.com/rust-lang/crates.io-index"
checksum = "31d289043e7eb246f57f73054d3a5e87069ff16f62306f9f408f546ef1701181"
dependencies = [
 "prov-graph",
 "prov-views",
]

[[package]]
name = "prov-graph"
version = "0.10.0"
source = "registry+https://github.com/rust-lang/crates.io-index"
checksum = "c3f00e8c977f4c569719a1f7097b569daed8c3a0f6f2264b0c62739d7f7b6802"
dependencies = [
 "fig",
 "fs-transaction",
 "indexmap",
 "moid",
 "sha2",
 "thiserror",
 "twig-doc",
]

[[package]]
name = "prov-store"
version = "0.10.0"
source = "registry+https://github.com/rust-lang/crates.io-index"
checksum = "08b82c87a012ac65ca6bdc0576c3b85c87249f9118f2cfce0642be4b89919be8"
dependencies = [
 "fig",
 "fs-transaction",
 "prov-graph",
]

[[package]]
name = "prov-views"
version = "0.10.0"
source = "registry+https://github.com/rust-lang/crates.io-index"
checksum = "e5be4eba3743e2ceed86b79b32530f8ed6aaac63ce439590310dd41e33f0da92"
dependencies = [
 "prov-graph",
]

[[package]]
name = "provui-core"
version = "0.1.0"
dependencies = [
 "fig",
 "flower-core",
 "leaf-core",
 "prov",
]

[[package]]
name = "quote"
version = "1.0.47"
source = "registry+https://github.com/rust-lang/crates.io-index"
checksum = "1fbf4db142a473a8d80c26bbf18454ed458bf8d26c8219c331daecfdbd079001"
dependencies = [
 "proc-macro2",
]

[[package]]
name = "serde"
version = "1.0.229"
source = "registry+https://github.com/rust-lang/crates.io-index"
checksum = "4148590afebada386688f18773da617792bf2ef03ffc1e4cbd2b1d45b023e0ba"
dependencies = [
 "serde_core",
]

[[package]]
name = "serde_core"
version = "1.0.229"
source = "registry+https://github.com/rust-lang/crates.io-index"
checksum = "67dca2c9c51e58a4791a4b1ed58308b39c64224d349a935ab5039aa360942a48"
dependencies = [
 "serde_derive",
]

[[package]]
name = "serde_derive"
version = "1.0.229"
source = "registry+https://github.com/rust-lang/crates.io-index"
checksum = "e7a5d71263a5a7d47b41f6b3f06ba276f10cc18b0931f1799f710578e2309348"
dependencies = [
 "proc-macro2",
 "quote",
 "syn 3.0.4",
]

[[package]]
name = "sha2"
version = "0.11.0"
source = "registry+https://github.com/rust-lang/crates.io-index"
checksum = "446ba717509524cb3f22f17ecc096f10f4822d76ab5c0b9822c5f9c284e825f4"
dependencies = [
 "cfg-if",
 "cpufeatures",
 "digest",
]

[[package]]
name = "syn"
version = "2.0.119"
source = "registry+https://github.com/rust-lang/crates.io-index"
checksum = "872831b642d1a07999a962a351ed35b955ea2cfc8f3862091e2a240a84f17297"
dependencies = [
 "proc-macro2",
 "quote",
 "unicode-ident",
]

[[package]]
name = "syn"
version = "3.0.4"
source = "registry+https://github.com/rust-lang/crates.io-index"
checksum = "e6275cddf4610d1775e6d1fe9469b2e77d0f39fd98fb7450901b821e0c53649f"
dependencies = [
 "proc-macro2",
 "quote",
 "unicode-ident",
]

[[package]]
name = "thiserror"
version = "2.0.20"
source = "registry+https://github.com/rust-lang/crates.io-index"
checksum = "ec86235f5fcc2a73650310756d2ac5b138a5780bbbdfae3eeccec992c435ba4f"
dependencies = [
 "thiserror-impl",
]

[[package]]
name = "thiserror-impl"
version = "2.0.20"
source = "registry+https://github.com/rust-lang/crates.io-index"
checksum = "bc04cd3e1236dd4a98afca4569f2deb3f120e5422a4023be2cb683f8486292af"
dependencies = [
 "proc-macro2",
 "quote",
 "syn 3.0.4",
]

[[package]]
name = "twig-doc"
version = "3.2.1"
source = "registry+https://github.com/rust-lang/crates.io-index"
checksum = "5e8351d2ad28da01599038b70d227550e58d6b08bba530e2344aeb4df05631ca"
dependencies = [
 "twig-sys",
]

[[package]]
name = "twig-sys"
version = "3.2.1"
source = "registry+https://github.com/rust-lang/crates.io-index"
checksum = "c4feb15e47e16e6529e24b7b37b0a37d134054fab41d03247705ace6ecdc48df"
dependencies = [
 "twig-sys-linux-arm64-gnu",
 "twig-sys-linux-x64-gnu",
 "twig-sys-macos-arm64",
 "twig-sys-wasm32",
 "twig-sys-windows-x64-msvc",
]

[[package]]
name = "twig-sys-linux-arm64-gnu"
version = "3.2.1"
source = "registry+https://github.com/rust-lang/crates.io-index"
checksum = "2c2a5cf04ebd8c0e7fa9fd7f943585a89818c5aee58d490d479b68f4004e41a8"

[[package]]
name = "twig-sys-linux-x64-gnu"
version = "3.2.1"
source = "registry+https://github.com/rust-lang/crates.io-index"
checksum = "f85254b9d01c2f97d2577189239315d560d17899ccdb16c1b6b332f00b4013a1"

[[package]]
name = "twig-sys-macos-arm64"
version = "3.2.1"
source = "registry+https://github.com/rust-lang/crates.io-index"
checksum = "26b9355652253e057119c62f4d858af3356dcf8a4096fc1bcd9c3876b051ffdf"

[[package]]
name = "twig-sys-wasm32"
version = "3.2.1"
source = "registry+https://github.com/rust-lang/crates.io-index"
checksum = "4246465bd7a2c158a291a5dc96ef0bfeaa570218c6c56ce065a26515212b08e2"

[[package]]
name = "twig-sys-windows-x64-msvc"
version = "3.2.1"
source = "registry+https://github.com/rust-lang/crates.io-index"
checksum = "85f8626563c4d7b50438b8d9539249e3f49002b31087abc9231ab7538f15f76c"

[[package]]
name = "typenum"
version = "1.20.1"
source = "registry+https://github.com/rust-lang/crates.io-index"
checksum = "b6f5e870be6c3b371b77fe0ee0bafb859fa4964b4404c27de1d380043c4dda20"

[[package]]
name = "unicode-ident"
version = "1.0.24"
source = "registry+https://github.com/rust-lang/crates.io-index"
checksum = "e6e4313cd5fcd3dad5cafa179702e2b244f760991f45397d14d4ebf38247da75"

[[package]]
name = "unicode-segmentation"
version = "1.13.3"
source = "registry+https://github.com/rust-lang/crates.io-index"
checksum = "c6f5d3c3b1bf09027a88a6bc961fc00497d651009560b5463668dc81b0fa87a8"

[[package]]
name = "unicode-width"
version = "0.2.2"
source = "registry+https://github.com/rust-lang/crates.io-index"
checksum = "b4ac048d71ede7ee76d585517add45da530660ef4390e49b098733c6e897f254"
